{
  "name": "nafs-medusa-backend",
  "version": "1.0.0",
  "lockfileVersion": 3,
  "requires": true,
  "packages": {
    "": {
      "name": "nafs-medusa-backend",
      "version": "1.0.0",
      "license": "MIT",
      "dependencies": {
        "@medusajs/cache-redis": "2.11.3",
        "@medusajs/event-bus-redis": "2.11.3",
        "@medusajs/medusa": "2.11.3",
        "@medusajs/payment-stripe": "2.11.3",
        "@types/express": "4.17.25",
        "dotenv": "16.6.1",
        "express": "4.21.2",
        "ioredis": "5.8.2",
        "pg": "8.16.3",
        "redis": "4.7.1"
      }
    }
  },
  "dependencies": {
    "@medusajs/cache-redis": {
      "version": "2.11.3",
      "requires": {}
    },
    "@medusajs/event-bus-redis": {
      "version": "2.11.3",
      "requires": {}
    },
    "@medusajs/medusa": {
      "version": "2.11.3",
      "requires": {}
    },
    "@medusajs/payment-stripe": {
      "version": "2.11.3",
      "requires": {}
    },
    "@types/express": {
      "version": "4.17.25",
      "requires": {}
    },
    "dotenv": {
      "version": "16.6.1",
      "requires": {}
    },
    "express": {
      "version": "4.21.2",
      "requires": {}
    },
    "ioredis": {
      "version": "5.8.2",
      "requires": {}
    },
    "pg": {
      "version": "8.16.3",
      "requires": {}
    },
    "redis": {
      "version": "4.7.1",
      "requires": {}
    }
  }
}