{
  "name": "nafs-medusa-backend",
  "version": "1.0.0",
  "lockfileVersion": 3,
  "requires": true,
  "packages": {
    "": {
      "name": "nafs-medusa-backend",
      "version": "1.0.0",
      "license": "MIT",
      "dependencies": {
        "@medusajs/cache-redis": "^1.11.0",
        "@medusajs/event-bus-redis": "^1.11.0",
        "@medusajs/medusa": "^1.11.0",
        "dotenv": "^16.4.5",
        "medusa-payment-paypal": "^9.0.7",
        "medusa-payment-stripe": "^10.0.4",
        "pg": "^8.11.5",
        "redis": "^4.6.13"
      }
    }
  },
  "dependencies": {
    "@medusajs/cache-redis": {
      "version": "^1.11.0",
      "requires": {}
    },
    "@medusajs/event-bus-redis": {
      "version": "^1.11.0",
      "requires": {}
    },
    "@medusajs/medusa": {
      "version": "^1.11.0",
      "requires": {}
    },
    "dotenv": {
      "version": "^16.4.5",
      "requires": {}
    },
    "medusa-payment-paypal": {
      "version": "^9.0.7",
      "requires": {}
    },
    "medusa-payment-stripe": {
      "version": "^10.0.4",
      "requires": {}
    },
    "pg": {
      "version": "^8.11.5",
      "requires": {}
    },
    "redis": {
      "version": "^4.6.13",
      "requires": {}
    }
  }
}
