{
  "name": "nafs-medusa-backend",
  "version": "1.0.0",
  "lockfileVersion": 3,
  "requires": true,
  "packages": {
    "": {
      "name": "nafs-medusa-backend",
      "version": "1.0.0",
      "license": "MIT",
      "dependencies": {
        "@medusajs/cache-redis": "^2.12.0",
        "@medusajs/event-bus-redis": "^2.12.0",
        "@medusajs/medusa": "^2.12.0",
        "dotenv": "^16.4.5",
        "@medusajs/payment-stripe": "^2.12.0",
        "pg": "^8.12.0",
        "redis": "^4.7.0"
      }
    }
  },
  "dependencies": {
    "@medusajs/cache-redis": {
      "version": "2.12.0",
      "requires": {}
    },
    "@medusajs/event-bus-redis": {
      "version": "2.12.0",
      "requires": {}
    },
    "@medusajs/medusa": {
      "version": "2.12.0",
      "requires": {}
    },
    "dotenv": {
      "version": "^16.4.5",
      "requires": {}
    },
    "medusa-payment-stripe": {
      "version": "2.12.0",
      "requires": {}
    },
    "pg": {
      "version": "8.12.0",
      "requires": {}
    },
    "redis": {
      "version": "4.7.0",
      "requires": {}
    }
  }
}